hash: 4fcdd47e56b2cf93d7acf2ad11b2ea82c15d9a54d8a1ef8cd5465de33a08df20
updated: 2017-03-23T14:47:52.681412647-04:00
imports:
- name: github.com/dkassab/go-calc-service
  version: 073bf539cd53e4f549a67236e43db2ab3e10b755
  subpackages:
  - calc
- name: github.com/golang/protobuf
  version: c9c7427a2a70d2eb3bafa0ab2dc163e45f143317
  subpackages:
  - jsonpb
  - proto
  - protoc-gen-go/descriptor
- name: github.com/grpc-ecosystem/grpc-gateway
  version: a8f25bd1ab549f8b87afd48aa9181221e9d439bb
  subpackages:
  - runtime
  - runtime/internal
  - utilities
- name: golang.org/x/net
  version: 3e967e1d28d2c9c06e749dc2bdc14b04df89e689
  subpackages:
  - context
  - http2
  - http2/hpack
  - idna
  - internal/timeseries
  - lex/httplex
  - trace
- name: google.golang.org/genproto
  version: de9f5e90fe9b278809363f08c2072d2f2a429de7
  subpackages:
  - googleapis/api/annotations
- name: google.golang.org/grpc
  version: cdee119ee21e61eef7093a41ba148fa83585e143
  subpackages:
  - codes
  - credentials
  - grpclog
  - internal
  - keepalive
  - metadata
  - naming
  - peer
  - reflection
  - reflection/grpc_reflection_v1alpha
  - stats
  - tap
  - transport
testImports: []
